
Microsoft Visual Studio Solution File, Format Version 12.00
# Visual Studio Version 16
VisualStudioVersion = 16.0.32929.386
MinimumVisualStudioVersion = 10.0.40219.1
Project("{FAE04EC0-301F-11D3-BF4B-00C04F79EFBC}") = "assi-7.3", "ConsoleApp3\assi-7.3.csproj", "{0805A817-7DD3-472B-B38C-3DE33B6D7423}"
EndProject
Global
	GlobalSection(SolutionConfigurationPlatforms) = preSolution
		Debug|Any CPU = Debug|Any CPU
		Release|Any CPU = Release|Any CPU
	EndGlobalSection
	GlobalSection(ProjectConfigurationPlatforms) = postSolution
		{0805A817-7DD3-472B-B38C-3DE33B6D7423}.Debug|Any CPU.ActiveCfg = Debug|Any CPU
		{0805A817-7DD3-472B-B38C-3DE33B6D7423}.Debug|Any CPU.Build.0 = Debug|Any CPU
		{0805A817-7DD3-472B-B38C-3DE33B6D7423}.Release|Any CPU.ActiveCfg = Release|Any CPU
		{0805A817-7DD3-472B-B38C-3DE33B6D7423}.Release|Any CPU.Build.0 = Release|Any CPU
	EndGlobalSection
	GlobalSection(SolutionProperties) = preSolution
		HideSolutionNode = FALSE
	EndGlobalSection
	GlobalSection(ExtensibilityGlobals) = postSolution
		SolutionGuid = {26CCEDAF-A5C7-4557-B752-519B0E940C24}
	EndGlobalSection
EndGlobal
